
Microsoft Visual Studio Solution File, Format Version 12.00
# Visual Studio Version 17
VisualStudioVersion = 17.6.33815.320
MinimumVisualStudioVersion = 10.0.40219.1
Project("{FAE04EC0-301F-11D3-BF4B-00C04F79EFBC}") = "WinFormsApp1", "WinFormsApp1.csproj", "{89488138-0C0B-4162-BDB4-14EA1855DF7F}"
EndProject
Global
	GlobalSection(SolutionConfigurationPlatforms) = preSolution
		Debug|Any CPU = Debug|Any CPU
		Release|Any CPU = Release|Any CPU
	EndGlobalSection
	GlobalSection(ProjectConfigurationPlatforms) = postSolution
		{89488138-0C0B-4162-BDB4-14EA1855DF7F}.Debug|Any CPU.ActiveCfg = Debug|Any CPU
		{89488138-0C0B-4162-BDB4-14EA1855DF7F}.Debug|Any CPU.Build.0 = Debug|Any CPU
		{89488138-0C0B-4162-BDB4-14EA1855DF7F}.Release|Any CPU.ActiveCfg = Release|Any CPU
		{89488138-0C0B-4162-BDB4-14EA1855DF7F}.Release|Any CPU.Build.0 = Release|Any CPU
	EndGlobalSection
	GlobalSection(SolutionProperties) = preSolution
		HideSolutionNode = FALSE
	EndGlobalSection
	GlobalSection(ExtensibilityGlobals) = postSolution
		SolutionGuid = {AA49F3EA-C784-4368-88FB-AA0C7A9143C9}
	EndGlobalSection
EndGlobal
